
Microsoft Visual Studio Solution File, Format Version 12.00
# Visual Studio Version 16
Project("{8BC9CEB8-8B4A-11D0-8D11-00A0C91BC942}") = "ALL_BUILD", "ALL_BUILD.vcxproj", "{6509D57B-57AE-3707-88C2-367D87089679}"
	ProjectSection(ProjectDependencies) = postProject
		{02F6864E-1E4F-3FD7-9F90-9CD20EB5AD70} = {02F6864E-1E4F-3FD7-9F90-9CD20EB5AD70}
		{BE0EB745-0BC6-3829-9777-DC808FD459C5} = {BE0EB745-0BC6-3829-9777-DC808FD459C5}
	EndProjectSection
EndProject
Project("{8BC9CEB8-8B4A-11D0-8D11-00A0C91BC942}") = "ZERO_CHECK", "ZERO_CHECK.vcxproj", "{02F6864E-1E4F-3FD7-9F90-9CD20EB5AD70}"
	ProjectSection(ProjectDependencies) = postProject
	EndProjectSection
EndProject
Project("{8BC9CEB8-8B4A-11D0-8D11-00A0C91BC942}") = "raytracer", "raytracer.vcxproj", "{BE0EB745-0BC6-3829-9777-DC808FD459C5}"
	ProjectSection(ProjectDependencies) = postProject
		{02F6864E-1E4F-3FD7-9F90-9CD20EB5AD70} = {02F6864E-1E4F-3FD7-9F90-9CD20EB5AD70}
	EndProjectSection
EndProject
Global
	GlobalSection(SolutionConfigurationPlatforms) = preSolution
		Debug|x64 = Debug|x64
		Release|x64 = Release|x64
		MinSizeRel|x64 = MinSizeRel|x64
		RelWithDebInfo|x64 = RelWithDebInfo|x64
	EndGlobalSection
	GlobalSection(ProjectConfigurationPlatforms) = postSolution
		{6509D57B-57AE-3707-88C2-367D87089679}.Debug|x64.ActiveCfg = Debug|x64
		{6509D57B-57AE-3707-88C2-367D87089679}.Release|x64.ActiveCfg = Release|x64
		{6509D57B-57AE-3707-88C2-367D87089679}.MinSizeRel|x64.ActiveCfg = MinSizeRel|x64
		{6509D57B-57AE-3707-88C2-367D87089679}.RelWithDebInfo|x64.ActiveCfg = RelWithDebInfo|x64
		{02F6864E-1E4F-3FD7-9F90-9CD20EB5AD70}.Debug|x64.ActiveCfg = Debug|x64
		{02F6864E-1E4F-3FD7-9F90-9CD20EB5AD70}.Debug|x64.Build.0 = Debug|x64
		{02F6864E-1E4F-3FD7-9F90-9CD20EB5AD70}.Release|x64.ActiveCfg = Release|x64
		{02F6864E-1E4F-3FD7-9F90-9CD20EB5AD70}.Release|x64.Build.0 = Release|x64
		{02F6864E-1E4F-3FD7-9F90-9CD20EB5AD70}.MinSizeRel|x64.ActiveCfg = MinSizeRel|x64
		{02F6864E-1E4F-3FD7-9F90-9CD20EB5AD70}.MinSizeRel|x64.Build.0 = MinSizeRel|x64
		{02F6864E-1E4F-3FD7-9F90-9CD20EB5AD70}.RelWithDebInfo|x64.ActiveCfg = RelWithDebInfo|x64
		{02F6864E-1E4F-3FD7-9F90-9CD20EB5AD70}.RelWithDebInfo|x64.Build.0 = RelWithDebInfo|x64
		{BE0EB745-0BC6-3829-9777-DC808FD459C5}.Debug|x64.ActiveCfg = Debug|x64
		{BE0EB745-0BC6-3829-9777-DC808FD459C5}.Debug|x64.Build.0 = Debug|x64
		{BE0EB745-0BC6-3829-9777-DC808FD459C5}.Release|x64.ActiveCfg = Release|x64
		{BE0EB745-0BC6-3829-9777-DC808FD459C5}.Release|x64.Build.0 = Release|x64
		{BE0EB745-0BC6-3829-9777-DC808FD459C5}.MinSizeRel|x64.ActiveCfg = MinSizeRel|x64
		{BE0EB745-0BC6-3829-9777-DC808FD459C5}.MinSizeRel|x64.Build.0 = MinSizeRel|x64
		{BE0EB745-0BC6-3829-9777-DC808FD459C5}.RelWithDebInfo|x64.ActiveCfg = RelWithDebInfo|x64
		{BE0EB745-0BC6-3829-9777-DC808FD459C5}.RelWithDebInfo|x64.Build.0 = RelWithDebInfo|x64
	EndGlobalSection
	GlobalSection(ExtensibilityGlobals) = postSolution
		SolutionGuid = {1E04EF02-0C39-37C2-A543-1BB406431752}
	EndGlobalSection
	GlobalSection(ExtensibilityAddIns) = postSolution
	EndGlobalSection
EndGlobal
