<?xml version="1.0" encoding="utf-8"?>
<Project ToolsVersion="16.0" xmlns="http://schemas.microsoft.com/developer/msbuild/2003">
  <ItemGroup>
    <CustomBuild Include="C:\Users\Laurent\OneDrive - Concordia University - Canada\Session 5\COMP 371\COMp371_all-master\COMp371_RaytracerBase\code\build\CMakeFiles\b9faf71c46c2554ec7ea3ce53e5152bc\generate.stamp.rule">
      <Filter>CMake Rules</Filter>
    </CustomBuild>
  </ItemGroup>
  <ItemGroup>
    <Filter Include="CMake Rules">
      <UniqueIdentifier>{FD9AEA70-E6F5-317A-B425-B49234E8C6B2}</UniqueIdentifier>
    </Filter>
  </ItemGroup>
</Project>
